
Microsoft Visual Studio Solution File, Format Version 12.00
# Visual Studio Version 17
VisualStudioVersion = 17.9.34723.18
MinimumVisualStudioVersion = 10.0.40219.1
Project("{FAE04EC0-301F-11D3-BF4B-00C04F79EFBC}") = "DemoRedis", "DemoRedis\DemoRedis.csproj", "{E0FE76E9-39A8-49B9-B258-63FFE90111F1}"
EndProject
Global
	GlobalSection(SolutionConfigurationPlatforms) = preSolution
		Debug|Any CPU = Debug|Any CPU
		Release|Any CPU = Release|Any CPU
	EndGlobalSection
	GlobalSection(ProjectConfigurationPlatforms) = postSolution
		{E0FE76E9-39A8-49B9-B258-63FFE90111F1}.Debug|Any CPU.ActiveCfg = Debug|Any CPU
		{E0FE76E9-39A8-49B9-B258-63FFE90111F1}.Debug|Any CPU.Build.0 = Debug|Any CPU
		{E0FE76E9-39A8-49B9-B258-63FFE90111F1}.Release|Any CPU.ActiveCfg = Release|Any CPU
		{E0FE76E9-39A8-49B9-B258-63FFE90111F1}.Release|Any CPU.Build.0 = Release|Any CPU
	EndGlobalSection
	GlobalSection(SolutionProperties) = preSolution
		HideSolutionNode = FALSE
	EndGlobalSection
	GlobalSection(ExtensibilityGlobals) = postSolution
		SolutionGuid = {5C1D5E7F-3E69-4929-BDA2-55D13814F322}
	EndGlobalSection
EndGlobal
